// !$*UTF8*$!
{
	archiveVersion = 1;
	classes = {
	};
	objectVersion = 46;
	objects = {

/* Begin PBXBuildFile section */
		52415DC51D850AAF007CEBCB /* AppDelegate.swift in Sources */ = {isa = PBXBuildFile; fileRef = 52415DB61D850AAF007CEBCB /* AppDelegate.swift */; };
		52415DC61D850AAF007CEBCB /* Assets.xcassets in Resources */ = {isa = PBXBuildFile; fileRef = 52415DB71D850AAF007CEBCB /* Assets.xcassets */; };
		52415DC71D850AAF007CEBCB /* LaunchScreen.storyboard in Resources */ = {isa = PBXBuildFile; fileRef = 52415DB81D850AAF007CEBCB /* LaunchScreen.storyboard */; };
		52415DC81D850AAF007CEBCB /* Main.storyboard in Resources */ = {isa = PBXBuildFile; fileRef = 52415DBA1D850AAF007CEBCB /* Main.storyboard */; };
		52415DC91D850AAF007CEBCB /* ManViewController+UIViewControllerPreviewingDelegate.swift in Sources */ = {isa = PBXBuildFile; fileRef = 52415DBD1D850AAF007CEBCB /* ManViewController+UIViewControllerPreviewingDelegate.swift */; };
		52415DCA1D850AAF007CEBCB /* UIViewController+PeekCycle.swift in Sources */ = {isa = PBXBuildFile; fileRef = 52415DBE1D850AAF007CEBCB /* UIViewController+PeekCycle.swift */; };
		52415DCB1D850AAF007CEBCB /* ManTableVCCell.swift in Sources */ = {isa = PBXBuildFile; fileRef = 52415DC01D850AAF007CEBCB /* ManTableVCCell.swift */; };
		52415DCC1D850AAF007CEBCB /* DetailViewController.swift in Sources */ = {isa = PBXBuildFile; fileRef = 52415DC11D850AAF007CEBCB /* DetailViewController.swift */; };
		52415DCD1D850AAF007CEBCB /* Info.plist in Resources */ = {isa = PBXBuildFile; fileRef = 52415DC21D850AAF007CEBCB /* Info.plist */; };
		52415DCE1D850AAF007CEBCB /* ManViewController.swift in Sources */ = {isa = PBXBuildFile; fileRef = 52415DC31D850AAF007CEBCB /* ManViewController.swift */; };
		52415DCF1D850AAF007CEBCB /* UserViewController.swift in Sources */ = {isa = PBXBuildFile; fileRef = 52415DC41D850AAF007CEBCB /* UserViewController.swift */; };
/* End PBXBuildFile section */

/* Begin PBXContainerItemProxy section */
		52C5BC991BD8845E00D82AD7 /* PBXContainerItemProxy */ = {
			isa = PBXContainerItemProxy;
			containerPortal = 52C5BC7C1BD8845E00D82AD7 /* Project object */;
			proxyType = 1;
			remoteGlobalIDString = 52C5BC831BD8845E00D82AD7;
			remoteInfo = ForceTouchDemo;
		};
		52C5BCA41BD8845E00D82AD7 /* PBXContainerItemProxy */ = {
			isa = PBXContainerItemProxy;
			containerPortal = 52C5BC7C1BD8845E00D82AD7 /* Project object */;
			proxyType = 1;
			remoteGlobalIDString = 52C5BC831BD8845E00D82AD7;
			remoteInfo = ForceTouchDemo;
		};
/* End PBXContainerItemProxy section */

/* Begin PBXFileReference section */
		52415DB61D850AAF007CEBCB /* AppDelegate.swift */ = {isa = PBXFileReference; fileEncoding = 4; lastKnownFileType = sourcecode.swift; path = AppDelegate.swift; sourceTree = "<group>"; };
		52415DB71D850AAF007CEBCB /* Assets.xcassets */ = {isa = PBXFileReference; lastKnownFileType = folder.assetcatalog; path = Assets.xcassets; sourceTree = "<group>"; };
		52415DB91D850AAF007CEBCB /* Base */ = {isa = PBXFileReference; lastKnownFileType = file.storyboard; name = Base; path = Base.lproj/LaunchScreen.storyboard; sourceTree = "<group>"; };
		52415DBB1D850AAF007CEBCB /* Base */ = {isa = PBXFileReference; lastKnownFileType = file.storyboard; name = Base; path = Base.lproj/Main.storyboard; sourceTree = "<group>"; };
		52415DBD1D850AAF007CEBCB /* ManViewController+UIViewControllerPreviewingDelegate.swift */ = {isa = PBXFileReference; fileEncoding = 4; lastKnownFileType = sourcecode.swift; path = "ManViewController+UIViewControllerPreviewingDelegate.swift"; sourceTree = "<group>"; };
		52415DBE1D850AAF007CEBCB /* UIViewController+PeekCycle.swift */ = {isa = PBXFileReference; fileEncoding = 4; lastKnownFileType = sourcecode.swift; path = "UIViewController+PeekCycle.swift"; sourceTree = "<group>"; };
		52415DC01D850AAF007CEBCB /* ManTableVCCell.swift */ = {isa = PBXFileReference; fileEncoding = 4; lastKnownFileType = sourcecode.swift; path = ManTableVCCell.swift; sourceTree = "<group>"; };
		52415DC11D850AAF007CEBCB /* DetailViewController.swift */ = {isa = PBXFileReference; fileEncoding = 4; lastKnownFileType = sourcecode.swift; path = DetailViewController.swift; sourceTree = "<group>"; };
		52415DC21D850AAF007CEBCB /* Info.plist */ = {isa = PBXFileReference; fileEncoding = 4; lastKnownFileType = text.plist.xml; path = Info.plist; sourceTree = "<group>"; };
		52415DC31D850AAF007CEBCB /* ManViewController.swift */ = {isa = PBXFileReference; fileEncoding = 4; lastKnownFileType = sourcecode.swift; path = ManViewController.swift; sourceTree = "<group>"; };
		52415DC41D850AAF007CEBCB /* UserViewController.swift */ = {isa = PBXFileReference; fileEncoding = 4; lastKnownFileType = sourcecode.swift; path = UserViewController.swift; sourceTree = "<group>"; };
		52C5BC841BD8845E00D82AD7 /* 3DTouchDemo.app */ = {isa = PBXFileReference; explicitFileType = wrapper.application; includeInIndex = 0; path = 3DTouchDemo.app; sourceTree = BUILT_PRODUCTS_DIR; };
		52C5BC981BD8845E00D82AD7 /* 3DTouchDemo.xctest */ = {isa = PBXFileReference; explicitFileType = wrapper.cfbundle; includeInIndex = 0; path = 3DTouchDemo.xctest; sourceTree = BUILT_PRODUCTS_DIR; };
		52C5BCA31BD8845E00D82AD7 /* 3DTouchDemo.xctest */ = {isa = PBXFileReference; explicitFileType = wrapper.cfbundle; includeInIndex = 0; path = 3DTouchDemo.xctest; sourceTree = BUILT_PRODUCTS_DIR; };
/* End PBXFileReference section */

/* Begin PBXFrameworksBuildPhase section */
		52C5BC811BD8845E00D82AD7 /* Frameworks */ = {
			isa = PBXFrameworksBuildPhase;
			buildActionMask = 2147483647;
			files = (
			);
			runOnlyForDeploymentPostprocessing = 0;
		};
		52C5BC951BD8845E00D82AD7 /* Frameworks */ = {
			isa = PBXFrameworksBuildPhase;
			buildActionMask = 2147483647;
			files = (
			);
			runOnlyForDeploymentPostprocessing = 0;
		};
		52C5BCA01BD8845E00D82AD7 /* Frameworks */ = {
			isa = PBXFrameworksBuildPhase;
			buildActionMask = 2147483647;
			files = (
			);
			runOnlyForDeploymentPostprocessing = 0;
		};
/* End PBXFrameworksBuildPhase section */

/* Begin PBXGroup section */
		52415DB51D850AAF007CEBCB /* 3DTouchDemo */ = {
			isa = PBXGroup;
			children = (
				52415DBC1D850AAF007CEBCB /* Category */,
				52415DBF1D850AAF007CEBCB /* Cell */,
				52415DB61D850AAF007CEBCB /* AppDelegate.swift */,
				52415DC11D850AAF007CEBCB /* DetailViewController.swift */,
				52415DC31D850AAF007CEBCB /* ManViewController.swift */,
				52415DC41D850AAF007CEBCB /* UserViewController.swift */,
				52415DBA1D850AAF007CEBCB /* Main.storyboard */,
				52415DB81D850AAF007CEBCB /* LaunchScreen.storyboard */,
				52415DB71D850AAF007CEBCB /* Assets.xcassets */,
				52415DC21D850AAF007CEBCB /* Info.plist */,
			);
			path = 3DTouchDemo;
			sourceTree = "<group>";
		};
		52415DBC1D850AAF007CEBCB /* Category */ = {
			isa = PBXGroup;
			children = (
				52415DBD1D850AAF007CEBCB /* ManViewController+UIViewControllerPreviewingDelegate.swift */,
				52415DBE1D850AAF007CEBCB /* UIViewController+PeekCycle.swift */,
			);
			path = Category;
			sourceTree = "<group>";
		};
		52415DBF1D850AAF007CEBCB /* Cell */ = {
			isa = PBXGroup;
			children = (
				52415DC01D850AAF007CEBCB /* ManTableVCCell.swift */,
			);
			path = Cell;
			sourceTree = "<group>";
		};
		52C5BC7B1BD8845E00D82AD7 = {
			isa = PBXGroup;
			children = (
				52415DB51D850AAF007CEBCB /* 3DTouchDemo */,
				52C5BC851BD8845E00D82AD7 /* Products */,
			);
			sourceTree = "<group>";
		};
		52C5BC851BD8845E00D82AD7 /* Products */ = {
			isa = PBXGroup;
			children = (
				52C5BC841BD8845E00D82AD7 /* 3DTouchDemo.app */,
				52C5BC981BD8845E00D82AD7 /* 3DTouchDemo.xctest */,
				52C5BCA31BD8845E00D82AD7 /* 3DTouchDemo.xctest */,
			);
			name = Products;
			sourceTree = "<group>";
		};
/* End PBXGroup section */

/* Begin PBXNativeTarget section */
		52C5BC831BD8845E00D82AD7 /* 3DTouchDemo */ = {
			isa = PBXNativeTarget;
			buildConfigurationList = 52C5BCAC1BD8845E00D82AD7 /* Build configuration list for PBXNativeTarget "3DTouchDemo" */;
			buildPhases = (
				52C5BC801BD8845E00D82AD7 /* Sources */,
				52C5BC811BD8845E00D82AD7 /* Frameworks */,
				52C5BC821BD8845E00D82AD7 /* Resources */,
			);
			buildRules = (
			);
			dependencies = (
			);
			name = 3DTouchDemo;
			productName = ForceTouchDemo;
			productReference = 52C5BC841BD8845E00D82AD7 /* 3DTouchDemo.app */;
			productType = "com.apple.product-type.application";
		};
		52C5BC971BD8845E00D82AD7 /* 3DTouchDemoTests */ = {
			isa = PBXNativeTarget;
			buildConfigurationList = 52C5BCAF1BD8845E00D82AD7 /* Build configuration list for PBXNativeTarget "3DTouchDemoTests" */;
			buildPhases = (
				52C5BC941BD8845E00D82AD7 /* Sources */,
				52C5BC951BD8845E00D82AD7 /* Frameworks */,
				52C5BC961BD8845E00D82AD7 /* Resources */,
			);
			buildRules = (
			);
			dependencies = (
				52C5BC9A1BD8845E00D82AD7 /* PBXTargetDependency */,
			);
			name = 3DTouchDemoTests;
			productName = ForceTouchDemoTests;
			productReference = 52C5BC981BD8845E00D82AD7 /* 3DTouchDemo.xctest */;
			productType = "com.apple.product-type.bundle.unit-test";
		};
		52C5BCA21BD8845E00D82AD7 /* 3DTouchDemoUITests */ = {
			isa = PBXNativeTarget;
			buildConfigurationList = 52C5BCB21BD8845E00D82AD7 /* Build configuration list for PBXNativeTarget "3DTouchDemoUITests" */;
			buildPhases = (
				52C5BC9F1BD8845E00D82AD7 /* Sources */,
				52C5BCA01BD8845E00D82AD7 /* Frameworks */,
				52C5BCA11BD8845E00D82AD7 /* Resources */,
			);
			buildRules = (
			);
			dependencies = (
				52C5BCA51BD8845E00D82AD7 /* PBXTargetDependency */,
			);
			name = 3DTouchDemoUITests;
			productName = ForceTouchDemoUITests;
			productReference = 52C5BCA31BD8845E00D82AD7 /* 3DTouchDemo.xctest */;
			productType = "com.apple.product-type.bundle.ui-testing";
		};
/* End PBXNativeTarget section */

/* Begin PBXProject section */
		52C5BC7C1BD8845E00D82AD7 /* Project object */ = {
			isa = PBXProject;
			attributes = {
				LastUpgradeCheck = 0700;
				ORGANIZATIONNAME = mokai;
				TargetAttributes = {
					52C5BC831BD8845E00D82AD7 = {
						CreatedOnToolsVersion = 7.0.1;
					};
					52C5BC971BD8845E00D82AD7 = {
						CreatedOnToolsVersion = 7.0.1;
						TestTargetID = 52C5BC831BD8845E00D82AD7;
					};
					52C5BCA21BD8845E00D82AD7 = {
						CreatedOnToolsVersion = 7.0.1;
						TestTargetID = 52C5BC831BD8845E00D82AD7;
					};
				};
			};
			buildConfigurationList = 52C5BC7F1BD8845E00D82AD7 /* Build configuration list for PBXProject "3DTouchDemo" */;
			compatibilityVersion = "Xcode 3.2";
			developmentRegion = English;
			hasScannedForEncodings = 0;
			knownRegions = (
				en,
				Base,
			);
			mainGroup = 52C5BC7B1BD8845E00D82AD7;
			productRefGroup = 52C5BC851BD8845E00D82AD7 /* Products */;
			projectDirPath = "";
			projectRoot = "";
			targets = (
				52C5BC831BD8845E00D82AD7 /* 3DTouchDemo */,
				52C5BC971BD8845E00D82AD7 /* 3DTouchDemoTests */,
				52C5BCA21BD8845E00D82AD7 /* 3DTouchDemoUITests */,
			);
		};
/* End PBXProject section */

/* Begin PBXResourcesBuildPhase section */
		52C5BC821BD8845E00D82AD7 /* Resources */ = {
			isa = PBXResourcesBuildPhase;
			buildActionMask = 2147483647;
			files = (
				52415DCD1D850AAF007CEBCB /* Info.plist in Resources */,
				52415DC81D850AAF007CEBCB /* Main.storyboard in Resources */,
				52415DC61D850AAF007CEBCB /* Assets.xcassets in Resources */,
				52415DC71D850AAF007CEBCB /* LaunchScreen.storyboard in Resources */,
			);
			runOnlyForDeploymentPostprocessing = 0;
		};
		52C5BC961BD8845E00D82AD7 /* Resources */ = {
			isa = PBXResourcesBuildPhase;
			buildActionMask = 2147483647;
			files = (
			);
			runOnlyForDeploymentPostprocessing = 0;
		};
		52C5BCA11BD8845E00D82AD7 /* Resources */ = {
			isa = PBXResourcesBuildPhase;
			buildActionMask = 2147483647;
			files = (
			);
			runOnlyForDeploymentPostprocessing = 0;
		};
/* End PBXResourcesBuildPhase section */

/* Begin PBXSourcesBuildPhase section */
		52C5BC801BD8845E00D82AD7 /* Sources */ = {
			isa = PBXSourcesBuildPhase;
			buildActionMask = 2147483647;
			files = (
				52415DCF1D850AAF007CEBCB /* UserViewController.swift in Sources */,
				52415DCB1D850AAF007CEBCB /* ManTableVCCell.swift in Sources */,
				52415DCE1D850AAF007CEBCB /* ManViewController.swift in Sources */,
				52415DC51D850AAF007CEBCB /* AppDelegate.swift in Sources */,
				52415DCC1D850AAF007CEBCB /* DetailViewController.swift in Sources */,
				52415DCA1D850AAF007CEBCB /* UIViewController+PeekCycle.swift in Sources */,
				52415DC91D850AAF007CEBCB /* ManViewController+UIViewControllerPreviewingDelegate.swift in Sources */,
			);
			runOnlyForDeploymentPostprocessing = 0;
		};
		52C5BC941BD8845E00D82AD7 /* Sources */ = {
			isa = PBXSourcesBuildPhase;
			buildActionMask = 2147483647;
			files = (
			);
			runOnlyForDeploymentPostprocessing = 0;
		};
		52C5BC9F1BD8845E00D82AD7 /* Sources */ = {
			isa = PBXSourcesBuildPhase;
			buildActionMask = 2147483647;
			files = (
			);
			runOnlyForDeploymentPostprocessing = 0;
		};
/* End PBXSourcesBuildPhase section */

/* Begin PBXTargetDependency section */
		52C5BC9A1BD8845E00D82AD7 /* PBXTargetDependency */ = {
			isa = PBXTargetDependency;
			target = 52C5BC831BD8845E00D82AD7 /* 3DTouchDemo */;
			targetProxy = 52C5BC991BD8845E00D82AD7 /* PBXContainerItemProxy */;
		};
		52C5BCA51BD8845E00D82AD7 /* PBXTargetDependency */ = {
			isa = PBXTargetDependency;
			target = 52C5BC831BD8845E00D82AD7 /* 3DTouchDemo */;
			targetProxy = 52C5BCA41BD8845E00D82AD7 /* PBXContainerItemProxy */;
		};
/* End PBXTargetDependency section */

/* Begin PBXVariantGroup section */
		52415DB81D850AAF007CEBCB /* LaunchScreen.storyboard */ = {
			isa = PBXVariantGroup;
			children = (
				52415DB91D850AAF007CEBCB /* Base */,
			);
			name = LaunchScreen.storyboard;
			sourceTree = "<group>";
		};
		52415DBA1D850AAF007CEBCB /* Main.storyboard */ = {
			isa = PBXVariantGroup;
			children = (
				52415DBB1D850AAF007CEBCB /* Base */,
			);
			name = Main.storyboard;
			sourceTree = "<group>";
		};
/* End PBXVariantGroup section */

/* Begin XCBuildConfiguration section */
		52C5BCAA1BD8845E00D82AD7 /* Debug */ = {
			isa = XCBuildConfiguration;
			buildSettings = {
				ALWAYS_SEARCH_USER_PATHS = NO;
				CLANG_CXX_LANGUAGE_STANDARD = "gnu++0x";
				CLANG_CXX_LIBRARY = "libc++";
				CLANG_ENABLE_MODULES = YES;
				CLANG_ENABLE_OBJC_ARC = YES;
				CLANG_WARN_BOOL_CONVERSION = YES;
				CLANG_WARN_CONSTANT_CONVERSION = YES;
				CLANG_WARN_DIRECT_OBJC_ISA_USAGE = YES_ERROR;
				CLANG_WARN_EMPTY_BODY = YES;
				CLANG_WARN_ENUM_CONVERSION = YES;
				CLANG_WARN_INT_CONVERSION = YES;
				CLANG_WARN_OBJC_ROOT_CLASS = YES_ERROR;
				CLANG_WARN_UNREACHABLE_CODE = YES;
				CLANG_WARN__DUPLICATE_METHOD_MATCH = YES;
				"CODE_SIGN_IDENTITY[sdk=iphoneos*]" = "iPhone Developer";
				COPY_PHASE_STRIP = NO;
				DEBUG_INFORMATION_FORMAT = dwarf;
				ENABLE_STRICT_OBJC_MSGSEND = YES;
				ENABLE_TESTABILITY = YES;
				GCC_C_LANGUAGE_STANDARD = gnu99;
				GCC_DYNAMIC_NO_PIC = NO;
				GCC_NO_COMMON_BLOCKS = YES;
				GCC_OPTIMIZATION_LEVEL = 0;
				GCC_PREPROCESSOR_DEFINITIONS = (
					"DEBUG=1",
					"$(inherited)",
				);
				GCC_WARN_64_TO_32_BIT_CONVERSION = YES;
				GCC_WARN_ABOUT_RETURN_TYPE = YES_ERROR;
				GCC_WARN_UNDECLARED_SELECTOR = YES;
				GCC_WARN_UNINITIALIZED_AUTOS = YES_AGGRESSIVE;
				GCC_WARN_UNUSED_FUNCTION = YES;
				GCC_WARN_UNUSED_VARIABLE = YES;
				IPHONEOS_DEPLOYMENT_TARGET = 9.0;
				MTL_ENABLE_DEBUG_INFO = YES;
				ONLY_ACTIVE_ARCH = YES;
				SDKROOT = iphoneos;
				SWIFT_OPTIMIZATION_LEVEL = "-Onone";
			};
			name = Debug;
		};
		52C5BCAB1BD8845E00D82AD7 /* Release */ = {
			isa = XCBuildConfiguration;
			buildSettings = {
				ALWAYS_SEARCH_USER_PATHS = NO;
				CLANG_CXX_LANGUAGE_STANDARD = "gnu++0x";
				CLANG_CXX_LIBRARY = "libc++";
				CLANG_ENABLE_MODULES = YES;
				CLANG_ENABLE_OBJC_ARC = YES;
				CLANG_WARN_BOOL_CONVERSION = YES;
				CLANG_WARN_CONSTANT_CONVERSION = YES;
				CLANG_WARN_DIRECT_OBJC_ISA_USAGE = YES_ERROR;
				CLANG_WARN_EMPTY_BODY = YES;
				CLANG_WARN_ENUM_CONVERSION = YES;
				CLANG_WARN_INT_CONVERSION = YES;
				CLANG_WARN_OBJC_ROOT_CLASS = YES_ERROR;
				CLANG_WARN_UNREACHABLE_CODE = YES;
				CLANG_WARN__DUPLICATE_METHOD_MATCH = YES;
				"CODE_SIGN_IDENTITY[sdk=iphoneos*]" = "iPhone Developer";
				COPY_PHASE_STRIP = NO;
				DEBUG_INFORMATION_FORMAT = "dwarf-with-dsym";
				ENABLE_NS_ASSERTIONS = NO;
				ENABLE_STRICT_OBJC_MSGSEND = YES;
				GCC_C_LANGUAGE_STANDARD = gnu99;
				GCC_NO_COMMON_BLOCKS = YES;
				GCC_WARN_64_TO_32_BIT_CONVERSION = YES;
				GCC_WARN_ABOUT_RETURN_TYPE = YES_ERROR;
				GCC_WARN_UNDECLARED_SELECTOR = YES;
				GCC_WARN_UNINITIALIZED_AUTOS = YES_AGGRESSIVE;
				GCC_WARN_UNUSED_FUNCTION = YES;
				GCC_WARN_UNUSED_VARIABLE = YES;
				IPHONEOS_DEPLOYMENT_TARGET = 9.0;
				MTL_ENABLE_DEBUG_INFO = NO;
				SDKROOT = iphoneos;
				VALIDATE_PRODUCT = YES;
			};
			name = Release;
		};
		52C5BCAD1BD8845E00D82AD7 /* Debug */ = {
			isa = XCBuildConfiguration;
			buildSettings = {
				CODE_SIGN_IDENTITY = "iPhone Developer";
				INFOPLIST_FILE = "$(SRCROOT)/3DTouchDemo/Info.plist";
				LD_RUNPATH_SEARCH_PATHS = "$(inherited) @executable_path/Frameworks";
				PRODUCT_BUNDLE_IDENTIFIER = me.mokai.demo.TouchDemo;
				PRODUCT_NAME = 3DTouchDemo;
			};
			name = Debug;
		};
		52C5BCAE1BD8845E00D82AD7 /* Release */ = {
			isa = XCBuildConfiguration;
			buildSettings = {
				CODE_SIGN_IDENTITY = "iPhone Developer";
				INFOPLIST_FILE = "$(SRCROOT)/3DTouchDemo/Info.plist";
				LD_RUNPATH_SEARCH_PATHS = "$(inherited) @executable_path/Frameworks";
				PRODUCT_BUNDLE_IDENTIFIER = me.mokai.demo.TouchDemo;
				PRODUCT_NAME = 3DTouchDemo;
			};
			name = Release;
		};
		52C5BCB01BD8845E00D82AD7 /* Debug */ = {
			isa = XCBuildConfiguration;
			buildSettings = {
				BUNDLE_LOADER = "$(TEST_HOST)";
				INFOPLIST_FILE = ForceTouchDemoTests/Info.plist;
				LD_RUNPATH_SEARCH_PATHS = "$(inherited) @executable_path/Frameworks @loader_path/Frameworks";
				PRODUCT_BUNDLE_IDENTIFIER = me.mokai.ForceTouchDemoTests;
				PRODUCT_NAME = 3DTouchDemo;
				TEST_HOST = "$(BUILT_PRODUCTS_DIR)/3DTouchDemo.app/3DTouchDemo";
			};
			name = Debug;
		};
		52C5BCB11BD8845E00D82AD7 /* Release */ = {
			isa = XCBuildConfiguration;
			buildSettings = {
				BUNDLE_LOADER = "$(TEST_HOST)";
				INFOPLIST_FILE = ForceTouchDemoTests/Info.plist;
				LD_RUNPATH_SEARCH_PATHS = "$(inherited) @executable_path/Frameworks @loader_path/Frameworks";
				PRODUCT_BUNDLE_IDENTIFIER = me.mokai.ForceTouchDemoTests;
				PRODUCT_NAME = 3DTouchDemo;
				TEST_HOST = "$(BUILT_PRODUCTS_DIR)/3DTouchDemo.app/3DTouchDemo";
			};
			name = Release;
		};
		52C5BCB31BD8845E00D82AD7 /* Debug */ = {
			isa = XCBuildConfiguration;
			buildSettings = {
				INFOPLIST_FILE = ForceTouchDemoUITests/Info.plist;
				LD_RUNPATH_SEARCH_PATHS = "$(inherited) @executable_path/Frameworks @loader_path/Frameworks";
				PRODUCT_BUNDLE_IDENTIFIER = me.mokai.ForceTouchDemoUITests;
				PRODUCT_NAME = 3DTouchDemo;
				TEST_TARGET_NAME = ForceTouchDemo;
				USES_XCTRUNNER = YES;
			};
			name = Debug;
		};
		52C5BCB41BD8845E00D82AD7 /* Release */ = {
			isa = XCBuildConfiguration;
			buildSettings = {
				INFOPLIST_FILE = ForceTouchDemoUITests/Info.plist;
				LD_RUNPATH_SEARCH_PATHS = "$(inherited) @executable_path/Frameworks @loader_path/Frameworks";
				PRODUCT_BUNDLE_IDENTIFIER = me.mokai.ForceTouchDemoUITests;
				PRODUCT_NAME = 3DTouchDemo;
				TEST_TARGET_NAME = ForceTouchDemo;
				USES_XCTRUNNER = YES;
			};
			name = Release;
		};
/* End XCBuildConfiguration section */

/* Begin XCConfigurationList section */
		52C5BC7F1BD8845E00D82AD7 /* Build configuration list for PBXProject "3DTouchDemo" */ = {
			isa = XCConfigurationList;
			buildConfigurations = (
				52C5BCAA1BD8845E00D82AD7 /* Debug */,
				52C5BCAB1BD8845E00D82AD7 /* Release */,
			);
			defaultConfigurationIsVisible = 0;
			defaultConfigurationName = Release;
		};
		52C5BCAC1BD8845E00D82AD7 /* Build configuration list for PBXNativeTarget "3DTouchDemo" */ = {
			isa = XCConfigurationList;
			buildConfigurations = (
				52C5BCAD1BD8845E00D82AD7 /* Debug */,
				52C5BCAE1BD8845E00D82AD7 /* Release */,
			);
			defaultConfigurationIsVisible = 0;
			defaultConfigurationName = Release;
		};
		52C5BCAF1BD8845E00D82AD7 /* Build configuration list for PBXNativeTarget "3DTouchDemoTests" */ = {
			isa = XCConfigurationList;
			buildConfigurations = (
				52C5BCB01BD8845E00D82AD7 /* Debug */,
				52C5BCB11BD8845E00D82AD7 /* Release */,
			);
			defaultConfigurationIsVisible = 0;
			defaultConfigurationName = Release;
		};
		52C5BCB21BD8845E00D82AD7 /* Build configuration list for PBXNativeTarget "3DTouchDemoUITests" */ = {
			isa = XCConfigurationList;
			buildConfigurations = (
				52C5BCB31BD8845E00D82AD7 /* Debug */,
				52C5BCB41BD8845E00D82AD7 /* Release */,
			);
			defaultConfigurationIsVisible = 0;
			defaultConfigurationName = Release;
		};
/* End XCConfigurationList section */
	};
	rootObject = 52C5BC7C1BD8845E00D82AD7 /* Project object */;
}
